{
  "name": "unjigi-mvp",
  "version": "0.0.1",
  "lockfileVersion": 3,
  "requires": true,
  "packages": {
    "": {
      "name": "unjigi-mvp",
      "version": "0.0.1",
      "devDependencies": {
        "@types/navermaps": "^3.9.1"
      }
    },
    "node_modules/@types/geojson": {
      "version": "7946.0.16",
      "resolved": "https://registry.npmjs.org/@types/geojson/-/geojson-7946.0.16.tgz",
      "integrity": "sha512-6C8nqWur3j98U6+lXDfTUWIfgvZU+EumvpHKcYjujKH7woYyLj2sUmff0tRhrqM7BohUw7Pz3ZB1jj2gW9Fvmg==",
      "dev": true,
      "license": "MIT"
    },
    "node_modules/@types/navermaps": {
      "version": "3.9.1",
      "resolved": "https://registry.npmjs.org/@types/navermaps/-/navermaps-3.9.1.tgz",
      "integrity": "sha512-XCYtuJ0mYaXx5lBeB0iahk+sPG7Q9tLHQGR6AkGCOGwrRG8qowdG5/FIYlI7am59j/Hm4vaiR+eRZ31kTgMWjA==",
      "dev": true,
      "license": "MIT",
      "dependencies": {
        "@types/geojson": "*"
      }
    }
  }
}
